// !$*UTF8*$!
{
	archiveVersion = 1;
	classes = {
	};
	objectVersion = 55;
	objects = {

/* Begin PBXBuildFile section */
		009A332527B07D6A000320CA /* LoginIconView.swift in Sources */ = {isa = PBXBuildFile; fileRef = 009A332427B07D6A000320CA /* LoginIconView.swift */; };
		009A332727B08B75000320CA /* TableView.swift in Sources */ = {isa = PBXBuildFile; fileRef = 009A332627B08B75000320CA /* TableView.swift */; };
		009A333727B16BB8000320CA /* AppRequestManager.swift in Sources */ = {isa = PBXBuildFile; fileRef = 009A333627B16BB8000320CA /* AppRequestManager.swift */; };
		009A333927B16FE6000320CA /* BaseRequestManager.swift in Sources */ = {isa = PBXBuildFile; fileRef = 009A333827B16FE6000320CA /* BaseRequestManager.swift */; };
		009A333B27B170D9000320CA /* Request.swift in Sources */ = {isa = PBXBuildFile; fileRef = 009A333A27B170D9000320CA /* Request.swift */; };
		009A333D27B171EE000320CA /* Response.swift in Sources */ = {isa = PBXBuildFile; fileRef = 009A333C27B171EE000320CA /* Response.swift */; };
		009A334127B2610E000320CA /* DetailViewController.swift in Sources */ = {isa = PBXBuildFile; fileRef = 009A334027B2610D000320CA /* DetailViewController.swift */; };
		009A334327B2D156000320CA /* UserManager.swift in Sources */ = {isa = PBXBuildFile; fileRef = 009A334227B2D156000320CA /* UserManager.swift */; };
		009A334927B2FDAC000320CA /* Constants.swift in Sources */ = {isa = PBXBuildFile; fileRef = 009A334827B2FDAC000320CA /* Constants.swift */; };
		009A334B27B312FF000320CA /* CustomCell.swift in Sources */ = {isa = PBXBuildFile; fileRef = 009A334A27B312FF000320CA /* CustomCell.swift */; };
		009A334D27B314D6000320CA /* MovieCell.swift in Sources */ = {isa = PBXBuildFile; fileRef = 009A334C27B314D5000320CA /* MovieCell.swift */; };
		00D151CB27AFFC60002E5784 /* AppDelegate.swift in Sources */ = {isa = PBXBuildFile; fileRef = 00D151CA27AFFC60002E5784 /* AppDelegate.swift */; };
		00D151D427AFFC65002E5784 /* Assets.xcassets in Resources */ = {isa = PBXBuildFile; fileRef = 00D151D327AFFC65002E5784 /* Assets.xcassets */; };
		00D151D727AFFC65002E5784 /* LaunchScreen.storyboard in Resources */ = {isa = PBXBuildFile; fileRef = 00D151D527AFFC65002E5784 /* LaunchScreen.storyboard */; };
		00D151E227AFFC65002E5784 /* MovieManagerTests.swift in Sources */ = {isa = PBXBuildFile; fileRef = 00D151E127AFFC65002E5784 /* MovieManagerTests.swift */; };
		00D151EC27AFFC65002E5784 /* MovieManagerUITests.swift in Sources */ = {isa = PBXBuildFile; fileRef = 00D151EB27AFFC65002E5784 /* MovieManagerUITests.swift */; };
		00D151EE27AFFC65002E5784 /* MovieManagerUITestsLaunchTests.swift in Sources */ = {isa = PBXBuildFile; fileRef = 00D151ED27AFFC65002E5784 /* MovieManagerUITestsLaunchTests.swift */; };
		00D1520127B018DD002E5784 /* LoginViewController.swift in Sources */ = {isa = PBXBuildFile; fileRef = 00D1520027B018DD002E5784 /* LoginViewController.swift */; };
		00D1520327B01963002E5784 /* BaseViewController.swift in Sources */ = {isa = PBXBuildFile; fileRef = 00D1520227B01963002E5784 /* BaseViewController.swift */; };
		00D1520527B01A23002E5784 /* TabBarViewController.swift in Sources */ = {isa = PBXBuildFile; fileRef = 00D1520427B01A23002E5784 /* TabBarViewController.swift */; };
		00D1520727B01C1E002E5784 /* NavigationController.swift in Sources */ = {isa = PBXBuildFile; fileRef = 00D1520627B01C1E002E5784 /* NavigationController.swift */; };
		00D1520927B01C49002E5784 /* SearchViewController.swift in Sources */ = {isa = PBXBuildFile; fileRef = 00D1520827B01C49002E5784 /* SearchViewController.swift */; };
		00D1520B27B01C5F002E5784 /* WatchlistViewController.swift in Sources */ = {isa = PBXBuildFile; fileRef = 00D1520A27B01C5F002E5784 /* WatchlistViewController.swift */; };
		00D1520D27B01C72002E5784 /* FavoritesViewController.swift in Sources */ = {isa = PBXBuildFile; fileRef = 00D1520C27B01C71002E5784 /* FavoritesViewController.swift */; };
		62900F663B9E89189CF9B71E /* Pods_MovieManager.framework in Frameworks */ = {isa = PBXBuildFile; fileRef = 7B15009416C2E5A43C5982AC /* Pods_MovieManager.framework */; };
		CE2010E1D46CFA3D7E19A482 /* Pods_MovieManagerTests.framework in Frameworks */ = {isa = PBXBuildFile; fileRef = A2F53691E7EFE8DEB18D861A /* Pods_MovieManagerTests.framework */; };
		F6A30F30330BE1B39E9B017A /* Pods_MovieManager_MovieManagerUITests.framework in Frameworks */ = {isa = PBXBuildFile; fileRef = D3A79477AD75CBBD935D570D /* Pods_MovieManager_MovieManagerUITests.framework */; };
/* End PBXBuildFile section */

/* Begin PBXContainerItemProxy section */
		00D151DE27AFFC65002E5784 /* PBXContainerItemProxy */ = {
			isa = PBXContainerItemProxy;
			containerPortal = 00D151BF27AFFC60002E5784 /* Project object */;
			proxyType = 1;
			remoteGlobalIDString = 00D151C627AFFC60002E5784;
			remoteInfo = MovieManager;
		};
		00D151E827AFFC65002E5784 /* PBXContainerItemProxy */ = {
			isa = PBXContainerItemProxy;
			containerPortal = 00D151BF27AFFC60002E5784 /* Project object */;
			proxyType = 1;
			remoteGlobalIDString = 00D151C627AFFC60002E5784;
			remoteInfo = MovieManager;
		};
/* End PBXContainerItemProxy section */

/* Begin PBXFileReference section */
		009A332427B07D6A000320CA /* LoginIconView.swift */ = {isa = PBXFileReference; lastKnownFileType = sourcecode.swift; path = LoginIconView.swift; sourceTree = "<group>"; };
		009A332627B08B75000320CA /* TableView.swift */ = {isa = PBXFileReference; lastKnownFileType = sourcecode.swift; path = TableView.swift; sourceTree = "<group>"; };
		009A333627B16BB8000320CA /* AppRequestManager.swift */ = {isa = PBXFileReference; lastKnownFileType = sourcecode.swift; path = AppRequestManager.swift; sourceTree = "<group>"; };
		009A333827B16FE6000320CA /* BaseRequestManager.swift */ = {isa = PBXFileReference; lastKnownFileType = sourcecode.swift; path = BaseRequestManager.swift; sourceTree = "<group>"; };
		009A333A27B170D9000320CA /* Request.swift */ = {isa = PBXFileReference; lastKnownFileType = sourcecode.swift; path = Request.swift; sourceTree = "<group>"; };
		009A333C27B171EE000320CA /* Response.swift */ = {isa = PBXFileReference; lastKnownFileType = sourcecode.swift; path = Response.swift; sourceTree = "<group>"; };
		009A334027B2610D000320CA /* DetailViewController.swift */ = {isa = PBXFileReference; lastKnownFileType = sourcecode.swift; path = DetailViewController.swift; sourceTree = "<group>"; };
		009A334227B2D156000320CA /* UserManager.swift */ = {isa = PBXFileReference; lastKnownFileType = sourcecode.swift; path = UserManager.swift; sourceTree = "<group>"; };
		009A334827B2FDAC000320CA /* Constants.swift */ = {isa = PBXFileReference; lastKnownFileType = sourcecode.swift; path = Constants.swift; sourceTree = "<group>"; };
		009A334A27B312FF000320CA /* CustomCell.swift */ = {isa = PBXFileReference; lastKnownFileType = sourcecode.swift; path = CustomCell.swift; sourceTree = "<group>"; };
		009A334C27B314D5000320CA /* MovieCell.swift */ = {isa = PBXFileReference; lastKnownFileType = sourcecode.swift; path = MovieCell.swift; sourceTree = "<group>"; };
		00D151C727AFFC60002E5784 /* MovieManager.app */ = {isa = PBXFileReference; explicitFileType = wrapper.application; includeInIndex = 0; path = MovieManager.app; sourceTree = BUILT_PRODUCTS_DIR; };
		00D151CA27AFFC60002E5784 /* AppDelegate.swift */ = {isa = PBXFileReference; lastKnownFileType = sourcecode.swift; path = AppDelegate.swift; sourceTree = "<group>"; };
		00D151D327AFFC65002E5784 /* Assets.xcassets */ = {isa = PBXFileReference; lastKnownFileType = folder.assetcatalog; path = Assets.xcassets; sourceTree = "<group>"; };
		00D151D627AFFC65002E5784 /* Base */ = {isa = PBXFileReference; lastKnownFileType = file.storyboard; name = Base; path = Base.lproj/LaunchScreen.storyboard; sourceTree = "<group>"; };
		00D151D827AFFC65002E5784 /* Info.plist */ = {isa = PBXFileReference; lastKnownFileType = text.plist.xml; path = Info.plist; sourceTree = "<group>"; };
		00D151DD27AFFC65002E5784 /* MovieManagerTests.xctest */ = {isa = PBXFileReference; explicitFileType = wrapper.cfbundle; includeInIndex = 0; path = MovieManagerTests.xctest; sourceTree = BUILT_PRODUCTS_DIR; };
		00D151E127AFFC65002E5784 /* MovieManagerTests.swift */ = {isa = PBXFileReference; lastKnownFileType = sourcecode.swift; path = MovieManagerTests.swift; sourceTree = "<group>"; };
		00D151E727AFFC65002E5784 /* MovieManagerUITests.xctest */ = {isa = PBXFileReference; explicitFileType = wrapper.cfbundle; includeInIndex = 0; path = MovieManagerUITests.xctest; sourceTree = BUILT_PRODUCTS_DIR; };
		00D151EB27AFFC65002E5784 /* MovieManagerUITests.swift */ = {isa = PBXFileReference; lastKnownFileType = sourcecode.swift; path = MovieManagerUITests.swift; sourceTree = "<group>"; };
		00D151ED27AFFC65002E5784 /* MovieManagerUITestsLaunchTests.swift */ = {isa = PBXFileReference; lastKnownFileType = sourcecode.swift; path = MovieManagerUITestsLaunchTests.swift; sourceTree = "<group>"; };
		00D1520027B018DD002E5784 /* LoginViewController.swift */ = {isa = PBXFileReference; lastKnownFileType = sourcecode.swift; path = LoginViewController.swift; sourceTree = "<group>"; };
		00D1520227B01963002E5784 /* BaseViewController.swift */ = {isa = PBXFileReference; lastKnownFileType = sourcecode.swift; path = BaseViewController.swift; sourceTree = "<group>"; };
		00D1520427B01A23002E5784 /* TabBarViewController.swift */ = {isa = PBXFileReference; lastKnownFileType = sourcecode.swift; path = TabBarViewController.swift; sourceTree = "<group>"; };
		00D1520627B01C1E002E5784 /* NavigationController.swift */ = {isa = PBXFileReference; lastKnownFileType = sourcecode.swift; path = NavigationController.swift; sourceTree = "<group>"; };
		00D1520827B01C49002E5784 /* SearchViewController.swift */ = {isa = PBXFileReference; lastKnownFileType = sourcecode.swift; path = SearchViewController.swift; sourceTree = "<group>"; };
		00D1520A27B01C5F002E5784 /* WatchlistViewController.swift */ = {isa = PBXFileReference; lastKnownFileType = sourcecode.swift; path = WatchlistViewController.swift; sourceTree = "<group>"; };
		00D1520C27B01C71002E5784 /* FavoritesViewController.swift */ = {isa = PBXFileReference; lastKnownFileType = sourcecode.swift; path = FavoritesViewController.swift; sourceTree = "<group>"; };
		06F30F7E74203A441D345224 /* Pods-MovieManager-MovieManagerUITests.release.xcconfig */ = {isa = PBXFileReference; includeInIndex = 1; lastKnownFileType = text.xcconfig; name = "Pods-MovieManager-MovieManagerUITests.release.xcconfig"; path = "Target Support Files/Pods-MovieManager-MovieManagerUITests/Pods-MovieManager-MovieManagerUITests.release.xcconfig"; sourceTree = "<group>"; };
		426FB6B6725A2DB18E56D9BD /* Pods-MovieManagerTests.debug.xcconfig */ = {isa = PBXFileReference; includeInIndex = 1; lastKnownFileType = text.xcconfig; name = "Pods-MovieManagerTests.debug.xcconfig"; path = "Target Support Files/Pods-MovieManagerTests/Pods-MovieManagerTests.debug.xcconfig"; sourceTree = "<group>"; };
		57EBD7CB43062FBB25D425A3 /* Pods-MovieManager.release.xcconfig */ = {isa = PBXFileReference; includeInIndex = 1; lastKnownFileType = text.xcconfig; name = "Pods-MovieManager.release.xcconfig"; path = "Target Support Files/Pods-MovieManager/Pods-MovieManager.release.xcconfig"; sourceTree = "<group>"; };
		5A393344D8067396724B4F5D /* Pods-MovieManagerTests.release.xcconfig */ = {isa = PBXFileReference; includeInIndex = 1; lastKnownFileType = text.xcconfig; name = "Pods-MovieManagerTests.release.xcconfig"; path = "Target Support Files/Pods-MovieManagerTests/Pods-MovieManagerTests.release.xcconfig"; sourceTree = "<group>"; };
		7B15009416C2E5A43C5982AC /* Pods_MovieManager.framework */ = {isa = PBXFileReference; explicitFileType = wrapper.framework; includeInIndex = 0; path = Pods_MovieManager.framework; sourceTree = BUILT_PRODUCTS_DIR; };
		A2F53691E7EFE8DEB18D861A /* Pods_MovieManagerTests.framework */ = {isa = PBXFileReference; explicitFileType = wrapper.framework; includeInIndex = 0; path = Pods_MovieManagerTests.framework; sourceTree = BUILT_PRODUCTS_DIR; };
		B9AF1D3BD1DF92EAF7E06DB9 /* Pods-MovieManager-MovieManagerUITests.debug.xcconfig */ = {isa = PBXFileReference; includeInIndex = 1; lastKnownFileType = text.xcconfig; name = "Pods-MovieManager-MovieManagerUITests.debug.xcconfig"; path = "Target Support Files/Pods-MovieManager-MovieManagerUITests/Pods-MovieManager-MovieManagerUITests.debug.xcconfig"; sourceTree = "<group>"; };
		C94343B72FFBCC1EF1562126 /* Pods-MovieManager.debug.xcconfig */ = {isa = PBXFileReference; includeInIndex = 1; lastKnownFileType = text.xcconfig; name = "Pods-MovieManager.debug.xcconfig"; path = "Target Support Files/Pods-MovieManager/Pods-MovieManager.debug.xcconfig"; sourceTree = "<group>"; };
		D3A79477AD75CBBD935D570D /* Pods_MovieManager_MovieManagerUITests.framework */ = {isa = PBXFileReference; explicitFileType = wrapper.framework; includeInIndex = 0; path = Pods_MovieManager_MovieManagerUITests.framework; sourceTree = BUILT_PRODUCTS_DIR; };
/* End PBXFileReference section */

/* Begin PBXFrameworksBuildPhase section */
		00D151C427AFFC60002E5784 /* Frameworks */ = {
			isa = PBXFrameworksBuildPhase;
			buildActionMask = 2147483647;
			files = (
				62900F663B9E89189CF9B71E /* Pods_MovieManager.framework in Frameworks */,
			);
			runOnlyForDeploymentPostprocessing = 0;
		};
		00D151DA27AFFC65002E5784 /* Frameworks */ = {
			isa = PBXFrameworksBuildPhase;
			buildActionMask = 2147483647;
			files = (
				CE2010E1D46CFA3D7E19A482 /* Pods_MovieManagerTests.framework in Frameworks */,
			);
			runOnlyForDeploymentPostprocessing = 0;
		};
		00D151E427AFFC65002E5784 /* Frameworks */ = {
			isa = PBXFrameworksBuildPhase;
			buildActionMask = 2147483647;
			files = (
				F6A30F30330BE1B39E9B017A /* Pods_MovieManager_MovieManagerUITests.framework in Frameworks */,
			);
			runOnlyForDeploymentPostprocessing = 0;
		};
/* End PBXFrameworksBuildPhase section */

/* Begin PBXGroup section */
		00D151BE27AFFC5F002E5784 = {
			isa = PBXGroup;
			children = (
				00D151C927AFFC60002E5784 /* MovieManager */,
				00D151E027AFFC65002E5784 /* MovieManagerTests */,
				00D151EA27AFFC65002E5784 /* MovieManagerUITests */,
				00D151C827AFFC60002E5784 /* Products */,
				BFCEDE757AB2D5BC92019790 /* Pods */,
				B59389E7C11AE628BAE78DE7 /* Frameworks */,
			);
			sourceTree = "<group>";
		};
		00D151C827AFFC60002E5784 /* Products */ = {
			isa = PBXGroup;
			children = (
				00D151C727AFFC60002E5784 /* MovieManager.app */,
				00D151DD27AFFC65002E5784 /* MovieManagerTests.xctest */,
				00D151E727AFFC65002E5784 /* MovieManagerUITests.xctest */,
			);
			name = Products;
			sourceTree = "<group>";
		};
		00D151C927AFFC60002E5784 /* MovieManager */ = {
			isa = PBXGroup;
			children = (
				00D151FF27B009DF002E5784 /* Utilities */,
				00D151FE27B009CB002E5784 /* Service */,
				00D151FD27B009AF002E5784 /* Model */,
				00D151FB27B00994002E5784 /* View */,
				00D151FA27B0098D002E5784 /* Controller */,
				00D151CA27AFFC60002E5784 /* AppDelegate.swift */,
				00D151D327AFFC65002E5784 /* Assets.xcassets */,
				00D151D527AFFC65002E5784 /* LaunchScreen.storyboard */,
				00D151D827AFFC65002E5784 /* Info.plist */,
			);
			path = MovieManager;
			sourceTree = "<group>";
		};
		00D151E027AFFC65002E5784 /* MovieManagerTests */ = {
			isa = PBXGroup;
			children = (
				00D151E127AFFC65002E5784 /* MovieManagerTests.swift */,
			);
			path = MovieManagerTests;
			sourceTree = "<group>";
		};
		00D151EA27AFFC65002E5784 /* MovieManagerUITests */ = {
			isa = PBXGroup;
			children = (
				00D151EB27AFFC65002E5784 /* MovieManagerUITests.swift */,
				00D151ED27AFFC65002E5784 /* MovieManagerUITestsLaunchTests.swift */,
			);
			path = MovieManagerUITests;
			sourceTree = "<group>";
		};
		00D151FA27B0098D002E5784 /* Controller */ = {
			isa = PBXGroup;
			children = (
				00D1520027B018DD002E5784 /* LoginViewController.swift */,
				00D1520227B01963002E5784 /* BaseViewController.swift */,
				00D1520427B01A23002E5784 /* TabBarViewController.swift */,
				00D1520627B01C1E002E5784 /* NavigationController.swift */,
				00D1520827B01C49002E5784 /* SearchViewController.swift */,
				00D1520A27B01C5F002E5784 /* WatchlistViewController.swift */,
				00D1520C27B01C71002E5784 /* FavoritesViewController.swift */,
				009A334027B2610D000320CA /* DetailViewController.swift */,
			);
			path = Controller;
			sourceTree = "<group>";
		};
		00D151FB27B00994002E5784 /* View */ = {
			isa = PBXGroup;
			children = (
				009A332427B07D6A000320CA /* LoginIconView.swift */,
				009A332627B08B75000320CA /* TableView.swift */,
				009A334A27B312FF000320CA /* CustomCell.swift */,
				009A334C27B314D5000320CA /* MovieCell.swift */,
			);
			path = View;
			sourceTree = "<group>";
		};
		00D151FD27B009AF002E5784 /* Model */ = {
			isa = PBXGroup;
			children = (
				009A333A27B170D9000320CA /* Request.swift */,
				009A333C27B171EE000320CA /* Response.swift */,
			);
			path = Model;
			sourceTree = "<group>";
		};
		00D151FE27B009CB002E5784 /* Service */ = {
			isa = PBXGroup;
			children = (
				009A333627B16BB8000320CA /* AppRequestManager.swift */,
				009A333827B16FE6000320CA /* BaseRequestManager.swift */,
			);
			path = Service;
			sourceTree = "<group>";
		};
		00D151FF27B009DF002E5784 /* Utilities */ = {
			isa = PBXGroup;
			children = (
				009A334227B2D156000320CA /* UserManager.swift */,
				009A334827B2FDAC000320CA /* Constants.swift */,
			);
			path = Utilities;
			sourceTree = "<group>";
		};
		B59389E7C11AE628BAE78DE7 /* Frameworks */ = {
			isa = PBXGroup;
			children = (
				7B15009416C2E5A43C5982AC /* Pods_MovieManager.framework */,
				D3A79477AD75CBBD935D570D /* Pods_MovieManager_MovieManagerUITests.framework */,
				A2F53691E7EFE8DEB18D861A /* Pods_MovieManagerTests.framework */,
			);
			name = Frameworks;
			sourceTree = "<group>";
		};
		BFCEDE757AB2D5BC92019790 /* Pods */ = {
			isa = PBXGroup;
			children = (
				C94343B72FFBCC1EF1562126 /* Pods-MovieManager.debug.xcconfig */,
				57EBD7CB43062FBB25D425A3 /* Pods-MovieManager.release.xcconfig */,
				B9AF1D3BD1DF92EAF7E06DB9 /* Pods-MovieManager-MovieManagerUITests.debug.xcconfig */,
				06F30F7E74203A441D345224 /* Pods-MovieManager-MovieManagerUITests.release.xcconfig */,
				426FB6B6725A2DB18E56D9BD /* Pods-MovieManagerTests.debug.xcconfig */,
				5A393344D8067396724B4F5D /* Pods-MovieManagerTests.release.xcconfig */,
			);
			path = Pods;
			sourceTree = "<group>";
		};
/* End PBXGroup section */

/* Begin PBXNativeTarget section */
		00D151C627AFFC60002E5784 /* MovieManager */ = {
			isa = PBXNativeTarget;
			buildConfigurationList = 00D151F127AFFC65002E5784 /* Build configuration list for PBXNativeTarget "MovieManager" */;
			buildPhases = (
				4AC3CDC61AA93A24CF88500C /* [CP] Check Pods Manifest.lock */,
				00D151C327AFFC60002E5784 /* Sources */,
				00D151C427AFFC60002E5784 /* Frameworks */,
				00D151C527AFFC60002E5784 /* Resources */,
				12D8CDD3E062AAC1FA5AAFBF /* [CP] Embed Pods Frameworks */,
			);
			buildRules = (
			);
			dependencies = (
			);
			name = MovieManager;
			productName = MovieManager;
			productReference = 00D151C727AFFC60002E5784 /* MovieManager.app */;
			productType = "com.apple.product-type.application";
		};
		00D151DC27AFFC65002E5784 /* MovieManagerTests */ = {
			isa = PBXNativeTarget;
			buildConfigurationList = 00D151F427AFFC65002E5784 /* Build configuration list for PBXNativeTarget "MovieManagerTests" */;
			buildPhases = (
				B40AEBF144A0B841E23DF34B /* [CP] Check Pods Manifest.lock */,
				00D151D927AFFC65002E5784 /* Sources */,
				00D151DA27AFFC65002E5784 /* Frameworks */,
				00D151DB27AFFC65002E5784 /* Resources */,
			);
			buildRules = (
			);
			dependencies = (
				00D151DF27AFFC65002E5784 /* PBXTargetDependency */,
			);
			name = MovieManagerTests;
			productName = MovieManagerTests;
			productReference = 00D151DD27AFFC65002E5784 /* MovieManagerTests.xctest */;
			productType = "com.apple.product-type.bundle.unit-test";
		};
		00D151E627AFFC65002E5784 /* MovieManagerUITests */ = {
			isa = PBXNativeTarget;
			buildConfigurationList = 00D151F727AFFC65002E5784 /* Build configuration list for PBXNativeTarget "MovieManagerUITests" */;
			buildPhases = (
				553ED045242BE19A24A7212F /* [CP] Check Pods Manifest.lock */,
				00D151E327AFFC65002E5784 /* Sources */,
				00D151E427AFFC65002E5784 /* Frameworks */,
				00D151E527AFFC65002E5784 /* Resources */,
				57C2DF2E42112CF4A4184F99 /* [CP] Embed Pods Frameworks */,
			);
			buildRules = (
			);
			dependencies = (
				00D151E927AFFC65002E5784 /* PBXTargetDependency */,
			);
			name = MovieManagerUITests;
			productName = MovieManagerUITests;
			productReference = 00D151E727AFFC65002E5784 /* MovieManagerUITests.xctest */;
			productType = "com.apple.product-type.bundle.ui-testing";
		};
/* End PBXNativeTarget section */

/* Begin PBXProject section */
		00D151BF27AFFC60002E5784 /* Project object */ = {
			isa = PBXProject;
			attributes = {
				BuildIndependentTargetsInParallel = 1;
				LastSwiftUpdateCheck = 1320;
				LastUpgradeCheck = 1320;
				TargetAttributes = {
					00D151C627AFFC60002E5784 = {
						CreatedOnToolsVersion = 13.2.1;
					};
					00D151DC27AFFC65002E5784 = {
						CreatedOnToolsVersion = 13.2.1;
						TestTargetID = 00D151C627AFFC60002E5784;
					};
					00D151E627AFFC65002E5784 = {
						CreatedOnToolsVersion = 13.2.1;
						TestTargetID = 00D151C627AFFC60002E5784;
					};
				};
			};
			buildConfigurationList = 00D151C227AFFC60002E5784 /* Build configuration list for PBXProject "MovieManager" */;
			compatibilityVersion = "Xcode 13.0";
			developmentRegion = en;
			hasScannedForEncodings = 0;
			knownRegions = (
				en,
				Base,
			);
			mainGroup = 00D151BE27AFFC5F002E5784;
			productRefGroup = 00D151C827AFFC60002E5784 /* Products */;
			projectDirPath = "";
			projectRoot = "";
			targets = (
				00D151C627AFFC60002E5784 /* MovieManager */,
				00D151DC27AFFC65002E5784 /* MovieManagerTests */,
				00D151E627AFFC65002E5784 /* MovieManagerUITests */,
			);
		};
/* End PBXProject section */

/* Begin PBXResourcesBuildPhase section */
		00D151C527AFFC60002E5784 /* Resources */ = {
			isa = PBXResourcesBuildPhase;
			buildActionMask = 2147483647;
			files = (
				00D151D727AFFC65002E5784 /* LaunchScreen.storyboard in Resources */,
				00D151D427AFFC65002E5784 /* Assets.xcassets in Resources */,
			);
			runOnlyForDeploymentPostprocessing = 0;
		};
		00D151DB27AFFC65002E5784 /* Resources */ = {
			isa = PBXResourcesBuildPhase;
			buildActionMask = 2147483647;
			files = (
			);
			runOnlyForDeploymentPostprocessing = 0;
		};
		00D151E527AFFC65002E5784 /* Resources */ = {
			isa = PBXResourcesBuildPhase;
			buildActionMask = 2147483647;
			files = (
			);
			runOnlyForDeploymentPostprocessing = 0;
		};
/* End PBXResourcesBuildPhase section */

/* Begin PBXShellScriptBuildPhase section */
		12D8CDD3E062AAC1FA5AAFBF /* [CP] Embed Pods Frameworks */ = {
			isa = PBXShellScriptBuildPhase;
			buildActionMask = 2147483647;
			files = (
			);
			inputFileListPaths = (
				"${PODS_ROOT}/Target Support Files/Pods-MovieManager/Pods-MovieManager-frameworks-${CONFIGURATION}-input-files.xcfilelist",
			);
			name = "[CP] Embed Pods Frameworks";
			outputFileListPaths = (
				"${PODS_ROOT}/Target Support Files/Pods-MovieManager/Pods-MovieManager-frameworks-${CONFIGURATION}-output-files.xcfilelist",
			);
			runOnlyForDeploymentPostprocessing = 0;
			shellPath = /bin/sh;
			shellScript = "\"${PODS_ROOT}/Target Support Files/Pods-MovieManager/Pods-MovieManager-frameworks.sh\"\n";
			showEnvVarsInLog = 0;
		};
		4AC3CDC61AA93A24CF88500C /* [CP] Check Pods Manifest.lock */ = {
			isa = PBXShellScriptBuildPhase;
			buildActionMask = 2147483647;
			files = (
			);
			inputFileListPaths = (
			);
			inputPaths = (
				"${PODS_PODFILE_DIR_PATH}/Podfile.lock",
				"${PODS_ROOT}/Manifest.lock",
			);
			name = "[CP] Check Pods Manifest.lock";
			outputFileListPaths = (
			);
			outputPaths = (
				"$(DERIVED_FILE_DIR)/Pods-MovieManager-checkManifestLockResult.txt",
			);
			runOnlyForDeploymentPostprocessing = 0;
			shellPath = /bin/sh;
			shellScript = "diff \"${PODS_PODFILE_DIR_PATH}/Podfile.lock\" \"${PODS_ROOT}/Manifest.lock\" > /dev/null\nif [ $? != 0 ] ; then\n    # print error to STDERR\n    echo \"error: The sandbox is not in sync with the Podfile.lock. Run 'pod install' or update your CocoaPods installation.\" >&2\n    exit 1\nfi\n# This output is used by Xcode 'outputs' to avoid re-running this script phase.\necho \"SUCCESS\" > \"${SCRIPT_OUTPUT_FILE_0}\"\n";
			showEnvVarsInLog = 0;
		};
		553ED045242BE19A24A7212F /* [CP] Check Pods Manifest.lock */ = {
			isa = PBXShellScriptBuildPhase;
			buildActionMask = 2147483647;
			files = (
			);
			inputFileListPaths = (
			);
			inputPaths = (
				"${PODS_PODFILE_DIR_PATH}/Podfile.lock",
				"${PODS_ROOT}/Manifest.lock",
			);
			name = "[CP] Check Pods Manifest.lock";
			outputFileListPaths = (
			);
			outputPaths = (
				"$(DERIVED_FILE_DIR)/Pods-MovieManager-MovieManagerUITests-checkManifestLockResult.txt",
			);
			runOnlyForDeploymentPostprocessing = 0;
			shellPath = /bin/sh;
			shellScript = "diff \"${PODS_PODFILE_DIR_PATH}/Podfile.lock\" \"${PODS_ROOT}/Manifest.lock\" > /dev/null\nif [ $? != 0 ] ; then\n    # print error to STDERR\n    echo \"error: The sandbox is not in sync with the Podfile.lock. Run 'pod install' or update your CocoaPods installation.\" >&2\n    exit 1\nfi\n# This output is used by Xcode 'outputs' to avoid re-running this script phase.\necho \"SUCCESS\" > \"${SCRIPT_OUTPUT_FILE_0}\"\n";
			showEnvVarsInLog = 0;
		};
		57C2DF2E42112CF4A4184F99 /* [CP] Embed Pods Frameworks */ = {
			isa = PBXShellScriptBuildPhase;
			buildActionMask = 2147483647;
			files = (
			);
			inputFileListPaths = (
				"${PODS_ROOT}/Target Support Files/Pods-MovieManager-MovieManagerUITests/Pods-MovieManager-MovieManagerUITests-frameworks-${CONFIGURATION}-input-files.xcfilelist",
			);
			name = "[CP] Embed Pods Frameworks";
			outputFileListPaths = (
				"${PODS_ROOT}/Target Support Files/Pods-MovieManager-MovieManagerUITests/Pods-MovieManager-MovieManagerUITests-frameworks-${CONFIGURATION}-output-files.xcfilelist",
			);
			runOnlyForDeploymentPostprocessing = 0;
			shellPath = /bin/sh;
			shellScript = "\"${PODS_ROOT}/Target Support Files/Pods-MovieManager-MovieManagerUITests/Pods-MovieManager-MovieManagerUITests-frameworks.sh\"\n";
			showEnvVarsInLog = 0;
		};
		B40AEBF144A0B841E23DF34B /* [CP] Check Pods Manifest.lock */ = {
			isa = PBXShellScriptBuildPhase;
			buildActionMask = 2147483647;
			files = (
			);
			inputFileListPaths = (
			);
			inputPaths = (
				"${PODS_PODFILE_DIR_PATH}/Podfile.lock",
				"${PODS_ROOT}/Manifest.lock",
			);
			name = "[CP] Check Pods Manifest.lock";
			outputFileListPaths = (
			);
			outputPaths = (
				"$(DERIVED_FILE_DIR)/Pods-MovieManagerTests-checkManifestLockResult.txt",
			);
			runOnlyForDeploymentPostprocessing = 0;
			shellPath = /bin/sh;
			shellScript = "diff \"${PODS_PODFILE_DIR_PATH}/Podfile.lock\" \"${PODS_ROOT}/Manifest.lock\" > /dev/null\nif [ $? != 0 ] ; then\n    # print error to STDERR\n    echo \"error: The sandbox is not in sync with the Podfile.lock. Run 'pod install' or update your CocoaPods installation.\" >&2\n    exit 1\nfi\n# This output is used by Xcode 'outputs' to avoid re-running this script phase.\necho \"SUCCESS\" > \"${SCRIPT_OUTPUT_FILE_0}\"\n";
			showEnvVarsInLog = 0;
		};
/* End PBXShellScriptBuildPhase section */

/* Begin PBXSourcesBuildPhase section */
		00D151C327AFFC60002E5784 /* Sources */ = {
			isa = PBXSourcesBuildPhase;
			buildActionMask = 2147483647;
			files = (
				00D1520327B01963002E5784 /* BaseViewController.swift in Sources */,
				009A332727B08B75000320CA /* TableView.swift in Sources */,
				009A333727B16BB8000320CA /* AppRequestManager.swift in Sources */,
				00D1520127B018DD002E5784 /* LoginViewController.swift in Sources */,
				009A333B27B170D9000320CA /* Request.swift in Sources */,
				009A334D27B314D6000320CA /* MovieCell.swift in Sources */,
				00D1520927B01C49002E5784 /* SearchViewController.swift in Sources */,
				009A334B27B312FF000320CA /* CustomCell.swift in Sources */,
				009A334927B2FDAC000320CA /* Constants.swift in Sources */,
				00D151CB27AFFC60002E5784 /* AppDelegate.swift in Sources */,
				009A334127B2610E000320CA /* DetailViewController.swift in Sources */,
				00D1520527B01A23002E5784 /* TabBarViewController.swift in Sources */,
				00D1520B27B01C5F002E5784 /* WatchlistViewController.swift in Sources */,
				009A334327B2D156000320CA /* UserManager.swift in Sources */,
				00D1520727B01C1E002E5784 /* NavigationController.swift in Sources */,
				009A333D27B171EE000320CA /* Response.swift in Sources */,
				00D1520D27B01C72002E5784 /* FavoritesViewController.swift in Sources */,
				009A333927B16FE6000320CA /* BaseRequestManager.swift in Sources */,
				009A332527B07D6A000320CA /* LoginIconView.swift in Sources */,
			);
			runOnlyForDeploymentPostprocessing = 0;
		};
		00D151D927AFFC65002E5784 /* Sources */ = {
			isa = PBXSourcesBuildPhase;
			buildActionMask = 2147483647;
			files = (
				00D151E227AFFC65002E5784 /* MovieManagerTests.swift in Sources */,
			);
			runOnlyForDeploymentPostprocessing = 0;
		};
		00D151E327AFFC65002E5784 /* Sources */ = {
			isa = PBXSourcesBuildPhase;
			buildActionMask = 2147483647;
			files = (
				00D151EC27AFFC65002E5784 /* MovieManagerUITests.swift in Sources */,
				00D151EE27AFFC65002E5784 /* MovieManagerUITestsLaunchTests.swift in Sources */,
			);
			runOnlyForDeploymentPostprocessing = 0;
		};
/* End PBXSourcesBuildPhase section */

/* Begin PBXTargetDependency section */
		00D151DF27AFFC65002E5784 /* PBXTargetDependency */ = {
			isa = PBXTargetDependency;
			target = 00D151C627AFFC60002E5784 /* MovieManager */;
			targetProxy = 00D151DE27AFFC65002E5784 /* PBXContainerItemProxy */;
		};
		00D151E927AFFC65002E5784 /* PBXTargetDependency */ = {
			isa = PBXTargetDependency;
			target = 00D151C627AFFC60002E5784 /* MovieManager */;
			targetProxy = 00D151E827AFFC65002E5784 /* PBXContainerItemProxy */;
		};
/* End PBXTargetDependency section */

/* Begin PBXVariantGroup section */
		00D151D527AFFC65002E5784 /* LaunchScreen.storyboard */ = {
			isa = PBXVariantGroup;
			children = (
				00D151D627AFFC65002E5784 /* Base */,
			);
			name = LaunchScreen.storyboard;
			sourceTree = "<group>";
		};
/* End PBXVariantGroup section */

/* Begin XCBuildConfiguration section */
		00D151EF27AFFC65002E5784 /* Debug */ = {
			isa = XCBuildConfiguration;
			buildSettings = {
				ALWAYS_SEARCH_USER_PATHS = NO;
				CLANG_ANALYZER_NONNULL = YES;
				CLANG_ANALYZER_NUMBER_OBJECT_CONVERSION = YES_AGGRESSIVE;
				CLANG_CXX_LANGUAGE_STANDARD = "gnu++17";
				CLANG_CXX_LIBRARY = "libc++";
				CLANG_ENABLE_MODULES = YES;
				CLANG_ENABLE_OBJC_ARC = YES;
				CLANG_ENABLE_OBJC_WEAK = YES;
				CLANG_WARN_BLOCK_CAPTURE_AUTORELEASING = YES;
				CLANG_WARN_BOOL_CONVERSION = YES;
				CLANG_WARN_COMMA = YES;
				CLANG_WARN_CONSTANT_CONVERSION = YES;
				CLANG_WARN_DEPRECATED_OBJC_IMPLEMENTATIONS = YES;
				CLANG_WARN_DIRECT_OBJC_ISA_USAGE = YES_ERROR;
				CLANG_WARN_DOCUMENTATION_COMMENTS = YES;
				CLANG_WARN_EMPTY_BODY = YES;
				CLANG_WARN_ENUM_CONVERSION = YES;
				CLANG_WARN_INFINITE_RECURSION = YES;
				CLANG_WARN_INT_CONVERSION = YES;
				CLANG_WARN_NON_LITERAL_NULL_CONVERSION = YES;
				CLANG_WARN_OBJC_IMPLICIT_RETAIN_SELF = YES;
				CLANG_WARN_OBJC_LITERAL_CONVERSION = YES;
				CLANG_WARN_OBJC_ROOT_CLASS = YES_ERROR;
				CLANG_WARN_QUOTED_INCLUDE_IN_FRAMEWORK_HEADER = YES;
				CLANG_WARN_RANGE_LOOP_ANALYSIS = YES;
				CLANG_WARN_STRICT_PROTOTYPES = YES;
				CLANG_WARN_SUSPICIOUS_MOVE = YES;
				CLANG_WARN_UNGUARDED_AVAILABILITY = YES_AGGRESSIVE;
				CLANG_WARN_UNREACHABLE_CODE = YES;
				CLANG_WARN__DUPLICATE_METHOD_MATCH = YES;
				COPY_PHASE_STRIP = NO;
				DEBUG_INFORMATION_FORMAT = dwarf;
				ENABLE_STRICT_OBJC_MSGSEND = YES;
				ENABLE_TESTABILITY = YES;
				GCC_C_LANGUAGE_STANDARD = gnu11;
				GCC_DYNAMIC_NO_PIC = NO;
				GCC_NO_COMMON_BLOCKS = YES;
				GCC_OPTIMIZATION_LEVEL = 0;
				GCC_PREPROCESSOR_DEFINITIONS = (
					"DEBUG=1",
					"$(inherited)",
				);
				GCC_WARN_64_TO_32_BIT_CONVERSION = YES;
				GCC_WARN_ABOUT_RETURN_TYPE = YES_ERROR;
				GCC_WARN_UNDECLARED_SELECTOR = YES;
				GCC_WARN_UNINITIALIZED_AUTOS = YES_AGGRESSIVE;
				GCC_WARN_UNUSED_FUNCTION = YES;
				GCC_WARN_UNUSED_VARIABLE = YES;
				IPHONEOS_DEPLOYMENT_TARGET = 15.2;
				MTL_ENABLE_DEBUG_INFO = INCLUDE_SOURCE;
				MTL_FAST_MATH = YES;
				ONLY_ACTIVE_ARCH = YES;
				SDKROOT = iphoneos;
				SWIFT_ACTIVE_COMPILATION_CONDITIONS = DEBUG;
				SWIFT_OPTIMIZATION_LEVEL = "-Onone";
			};
			name = Debug;
		};
		00D151F027AFFC65002E5784 /* Release */ = {
			isa = XCBuildConfiguration;
			buildSettings = {
				ALWAYS_SEARCH_USER_PATHS = NO;
				CLANG_ANALYZER_NONNULL = YES;
				CLANG_ANALYZER_NUMBER_OBJECT_CONVERSION = YES_AGGRESSIVE;
				CLANG_CXX_LANGUAGE_STANDARD = "gnu++17";
				CLANG_CXX_LIBRARY = "libc++";
				CLANG_ENABLE_MODULES = YES;
				CLANG_ENABLE_OBJC_ARC = YES;
				CLANG_ENABLE_OBJC_WEAK = YES;
				CLANG_WARN_BLOCK_CAPTURE_AUTORELEASING = YES;
				CLANG_WARN_BOOL_CONVERSION = YES;
				CLANG_WARN_COMMA = YES;
				CLANG_WARN_CONSTANT_CONVERSION = YES;
				CLANG_WARN_DEPRECATED_OBJC_IMPLEMENTATIONS = YES;
				CLANG_WARN_DIRECT_OBJC_ISA_USAGE = YES_ERROR;
				CLANG_WARN_DOCUMENTATION_COMMENTS = YES;
				CLANG_WARN_EMPTY_BODY = YES;
				CLANG_WARN_ENUM_CONVERSION = YES;
				CLANG_WARN_INFINITE_RECURSION = YES;
				CLANG_WARN_INT_CONVERSION = YES;
				CLANG_WARN_NON_LITERAL_NULL_CONVERSION = YES;
				CLANG_WARN_OBJC_IMPLICIT_RETAIN_SELF = YES;
				CLANG_WARN_OBJC_LITERAL_CONVERSION = YES;
				CLANG_WARN_OBJC_ROOT_CLASS = YES_ERROR;
				CLANG_WARN_QUOTED_INCLUDE_IN_FRAMEWORK_HEADER = YES;
				CLANG_WARN_RANGE_LOOP_ANALYSIS = YES;
				CLANG_WARN_STRICT_PROTOTYPES = YES;
				CLANG_WARN_SUSPICIOUS_MOVE = YES;
				CLANG_WARN_UNGUARDED_AVAILABILITY = YES_AGGRESSIVE;
				CLANG_WARN_UNREACHABLE_CODE = YES;
				CLANG_WARN__DUPLICATE_METHOD_MATCH = YES;
				COPY_PHASE_STRIP = NO;
				DEBUG_INFORMATION_FORMAT = "dwarf-with-dsym";
				ENABLE_NS_ASSERTIONS = NO;
				ENABLE_STRICT_OBJC_MSGSEND = YES;
				GCC_C_LANGUAGE_STANDARD = gnu11;
				GCC_NO_COMMON_BLOCKS = YES;
				GCC_WARN_64_TO_32_BIT_CONVERSION = YES;
				GCC_WARN_ABOUT_RETURN_TYPE = YES_ERROR;
				GCC_WARN_UNDECLARED_SELECTOR = YES;
				GCC_WARN_UNINITIALIZED_AUTOS = YES_AGGRESSIVE;
				GCC_WARN_UNUSED_FUNCTION = YES;
				GCC_WARN_UNUSED_VARIABLE = YES;
				IPHONEOS_DEPLOYMENT_TARGET = 15.2;
				MTL_ENABLE_DEBUG_INFO = NO;
				MTL_FAST_MATH = YES;
				SDKROOT = iphoneos;
				SWIFT_COMPILATION_MODE = wholemodule;
				SWIFT_OPTIMIZATION_LEVEL = "-O";
				VALIDATE_PRODUCT = YES;
			};
			name = Release;
		};
		00D151F227AFFC65002E5784 /* Debug */ = {
			isa = XCBuildConfiguration;
			baseConfigurationReference = C94343B72FFBCC1EF1562126 /* Pods-MovieManager.debug.xcconfig */;
			buildSettings = {
				ASSETCATALOG_COMPILER_APPICON_NAME = AppIcon;
				ASSETCATALOG_COMPILER_GLOBAL_ACCENT_COLOR_NAME = AccentColor;
				CODE_SIGN_STYLE = Automatic;
				CURRENT_PROJECT_VERSION = 1;
				DEVELOPMENT_TEAM = 67X59FXCST;
				GENERATE_INFOPLIST_FILE = YES;
				INFOPLIST_FILE = MovieManager/Info.plist;
				INFOPLIST_KEY_UIApplicationSupportsIndirectInputEvents = YES;
				INFOPLIST_KEY_UILaunchStoryboardName = LaunchScreen;
				INFOPLIST_KEY_UISupportedInterfaceOrientations_iPad = "UIInterfaceOrientationPortrait UIInterfaceOrientationPortraitUpsideDown UIInterfaceOrientationLandscapeLeft UIInterfaceOrientationLandscapeRight";
				INFOPLIST_KEY_UISupportedInterfaceOrientations_iPhone = "UIInterfaceOrientationPortrait UIInterfaceOrientationLandscapeLeft UIInterfaceOrientationLandscapeRight";
				LD_RUNPATH_SEARCH_PATHS = (
					"$(inherited)",
					"@executable_path/Frameworks",
				);
				MARKETING_VERSION = 1.0;
				PRODUCT_BUNDLE_IDENTIFIER = com.ecodation.MovieManager;
				PRODUCT_NAME = "$(TARGET_NAME)";
				SWIFT_EMIT_LOC_STRINGS = YES;
				SWIFT_VERSION = 5.0;
				TARGETED_DEVICE_FAMILY = "1,2";
			};
			name = Debug;
		};
		00D151F327AFFC65002E5784 /* Release */ = {
			isa = XCBuildConfiguration;
			baseConfigurationReference = 57EBD7CB43062FBB25D425A3 /* Pods-MovieManager.release.xcconfig */;
			buildSettings = {
				ASSETCATALOG_COMPILER_APPICON_NAME = AppIcon;
				ASSETCATALOG_COMPILER_GLOBAL_ACCENT_COLOR_NAME = AccentColor;
				CODE_SIGN_STYLE = Automatic;
				CURRENT_PROJECT_VERSION = 1;
				DEVELOPMENT_TEAM = 67X59FXCST;
				GENERATE_INFOPLIST_FILE = YES;
				INFOPLIST_FILE = MovieManager/Info.plist;
				INFOPLIST_KEY_UIApplicationSupportsIndirectInputEvents = YES;
				INFOPLIST_KEY_UILaunchStoryboardName = LaunchScreen;
				INFOPLIST_KEY_UISupportedInterfaceOrientations_iPad = "UIInterfaceOrientationPortrait UIInterfaceOrientationPortraitUpsideDown UIInterfaceOrientationLandscapeLeft UIInterfaceOrientationLandscapeRight";
				INFOPLIST_KEY_UISupportedInterfaceOrientations_iPhone = "UIInterfaceOrientationPortrait UIInterfaceOrientationLandscapeLeft UIInterfaceOrientationLandscapeRight";
				LD_RUNPATH_SEARCH_PATHS = (
					"$(inherited)",
					"@executable_path/Frameworks",
				);
				MARKETING_VERSION = 1.0;
				PRODUCT_BUNDLE_IDENTIFIER = com.ecodation.MovieManager;
				PRODUCT_NAME = "$(TARGET_NAME)";
				SWIFT_EMIT_LOC_STRINGS = YES;
				SWIFT_VERSION = 5.0;
				TARGETED_DEVICE_FAMILY = "1,2";
			};
			name = Release;
		};
		00D151F527AFFC65002E5784 /* Debug */ = {
			isa = XCBuildConfiguration;
			baseConfigurationReference = 426FB6B6725A2DB18E56D9BD /* Pods-MovieManagerTests.debug.xcconfig */;
			buildSettings = {
				ALWAYS_EMBED_SWIFT_STANDARD_LIBRARIES = YES;
				BUNDLE_LOADER = "$(TEST_HOST)";
				CODE_SIGN_STYLE = Automatic;
				CURRENT_PROJECT_VERSION = 1;
				DEVELOPMENT_TEAM = 67X59FXCST;
				GENERATE_INFOPLIST_FILE = YES;
				IPHONEOS_DEPLOYMENT_TARGET = 15.2;
				MARKETING_VERSION = 1.0;
				PRODUCT_BUNDLE_IDENTIFIER = com.ecodation.MovieManagerTests;
				PRODUCT_NAME = "$(TARGET_NAME)";
				SWIFT_EMIT_LOC_STRINGS = NO;
				SWIFT_VERSION = 5.0;
				TARGETED_DEVICE_FAMILY = "1,2";
				TEST_HOST = "$(BUILT_PRODUCTS_DIR)/MovieManager.app/MovieManager";
			};
			name = Debug;
		};
		00D151F627AFFC65002E5784 /* Release */ = {
			isa = XCBuildConfiguration;
			baseConfigurationReference = 5A393344D8067396724B4F5D /* Pods-MovieManagerTests.release.xcconfig */;
			buildSettings = {
				ALWAYS_EMBED_SWIFT_STANDARD_LIBRARIES = YES;
				BUNDLE_LOADER = "$(TEST_HOST)";
				CODE_SIGN_STYLE = Automatic;
				CURRENT_PROJECT_VERSION = 1;
				DEVELOPMENT_TEAM = 67X59FXCST;
				GENERATE_INFOPLIST_FILE = YES;
				IPHONEOS_DEPLOYMENT_TARGET = 15.2;
				MARKETING_VERSION = 1.0;
				PRODUCT_BUNDLE_IDENTIFIER = com.ecodation.MovieManagerTests;
				PRODUCT_NAME = "$(TARGET_NAME)";
				SWIFT_EMIT_LOC_STRINGS = NO;
				SWIFT_VERSION = 5.0;
				TARGETED_DEVICE_FAMILY = "1,2";
				TEST_HOST = "$(BUILT_PRODUCTS_DIR)/MovieManager.app/MovieManager";
			};
			name = Release;
		};
		00D151F827AFFC65002E5784 /* Debug */ = {
			isa = XCBuildConfiguration;
			baseConfigurationReference = B9AF1D3BD1DF92EAF7E06DB9 /* Pods-MovieManager-MovieManagerUITests.debug.xcconfig */;
			buildSettings = {
				ALWAYS_EMBED_SWIFT_STANDARD_LIBRARIES = YES;
				CODE_SIGN_STYLE = Automatic;
				CURRENT_PROJECT_VERSION = 1;
				DEVELOPMENT_TEAM = 67X59FXCST;
				GENERATE_INFOPLIST_FILE = YES;
				MARKETING_VERSION = 1.0;
				PRODUCT_BUNDLE_IDENTIFIER = com.ecodation.MovieManagerUITests;
				PRODUCT_NAME = "$(TARGET_NAME)";
				SWIFT_EMIT_LOC_STRINGS = NO;
				SWIFT_VERSION = 5.0;
				TARGETED_DEVICE_FAMILY = "1,2";
				TEST_TARGET_NAME = MovieManager;
			};
			name = Debug;
		};
		00D151F927AFFC65002E5784 /* Release */ = {
			isa = XCBuildConfiguration;
			baseConfigurationReference = 06F30F7E74203A441D345224 /* Pods-MovieManager-MovieManagerUITests.release.xcconfig */;
			buildSettings = {
				ALWAYS_EMBED_SWIFT_STANDARD_LIBRARIES = YES;
				CODE_SIGN_STYLE = Automatic;
				CURRENT_PROJECT_VERSION = 1;
				DEVELOPMENT_TEAM = 67X59FXCST;
				GENERATE_INFOPLIST_FILE = YES;
				MARKETING_VERSION = 1.0;
				PRODUCT_BUNDLE_IDENTIFIER = com.ecodation.MovieManagerUITests;
				PRODUCT_NAME = "$(TARGET_NAME)";
				SWIFT_EMIT_LOC_STRINGS = NO;
				SWIFT_VERSION = 5.0;
				TARGETED_DEVICE_FAMILY = "1,2";
				TEST_TARGET_NAME = MovieManager;
			};
			name = Release;
		};
/* End XCBuildConfiguration section */

/* Begin XCConfigurationList section */
		00D151C227AFFC60002E5784 /* Build configuration list for PBXProject "MovieManager" */ = {
			isa = XCConfigurationList;
			buildConfigurations = (
				00D151EF27AFFC65002E5784 /* Debug */,
				00D151F027AFFC65002E5784 /* Release */,
			);
			defaultConfigurationIsVisible = 0;
			defaultConfigurationName = Release;
		};
		00D151F127AFFC65002E5784 /* Build configuration list for PBXNativeTarget "MovieManager" */ = {
			isa = XCConfigurationList;
			buildConfigurations = (
				00D151F227AFFC65002E5784 /* Debug */,
				00D151F327AFFC65002E5784 /* Release */,
			);
			defaultConfigurationIsVisible = 0;
			defaultConfigurationName = Release;
		};
		00D151F427AFFC65002E5784 /* Build configuration list for PBXNativeTarget "MovieManagerTests" */ = {
			isa = XCConfigurationList;
			buildConfigurations = (
				00D151F527AFFC65002E5784 /* Debug */,
				00D151F627AFFC65002E5784 /* Release */,
			);
			defaultConfigurationIsVisible = 0;
			defaultConfigurationName = Release;
		};
		00D151F727AFFC65002E5784 /* Build configuration list for PBXNativeTarget "MovieManagerUITests" */ = {
			isa = XCConfigurationList;
			buildConfigurations = (
				00D151F827AFFC65002E5784 /* Debug */,
				00D151F927AFFC65002E5784 /* Release */,
			);
			defaultConfigurationIsVisible = 0;
			defaultConfigurationName = Release;
		};
/* End XCConfigurationList section */
	};
	rootObject = 00D151BF27AFFC60002E5784 /* Project object */;
}
